<Solution>
  <Folder Name="/src/">
    <Project Path="../NutritionService/NutritionService.csproj" Id="6d29ba1c-38dd-4e76-a0ad-fcdd745a94b8" />
    <Project Path="src/AuthenticationService/AuthenticationService.csproj" />
    <Project Path="src/FCEService/FCEService.csproj" Id="ad5da5e1-c4a3-4b99-a9df-9e2a5b33c812" />
    <Project Path="src/UserProfileService/UserProfileService.csproj" Id="f72b74ee-16e4-48f9-86c3-881f35d38353" />
    <Project Path="src/WorkoutService/WorkoutService.csproj" Id="f3297844-45be-49b5-a48c-15f9ae742dee" />
  </Folder>
  <Project Path="docker-compose.dcproj">
    <Build />
  </Project>
</Solution>
